{
  "version": 4,
  "terraform_version": "1.3.6",
  "serial": 10,
  "lineage": "d3f9ca40-0088-5d09-8e6d-108af8113d24",
  "outputs": {},
  "resources": [
    {
      "mode": "managed",
      "type": "aws_iam_group",
      "name": "groups",
      "provider": "provider[\"registry.terraform.io/hashicorp/aws\"]",
      "instances": [
        {
          "index_key": 0,
          "schema_version": 0,
          "attributes": {
            "arn": "arn:aws:iam::561865586187:group/users/dev_0",
            "id": "dev_0",
            "name": "dev_0",
            "path": "/users/",
            "unique_id": "AGPAYFUOMOYF43A3UVPNU"
          },
          "sensitive_attributes": [],
          "private": "bnVsbA=="
        },
        {
          "index_key": 1,
          "schema_version": 0,
          "attributes": {
            "arn": "arn:aws:iam::561865586187:group/users/dev_1",
            "id": "dev_1",
            "name": "dev_1",
            "path": "/users/",
            "unique_id": "AGPAYFUOMOYFY3G35GMNO"
          },
          "sensitive_attributes": [],
          "private": "bnVsbA=="
        },
        {
          "index_key": 2,
          "schema_version": 0,
          "attributes": {
            "arn": "arn:aws:iam::561865586187:group/users/dev_2",
            "id": "dev_2",
            "name": "dev_2",
            "path": "/users/",
            "unique_id": "AGPAYFUOMOYFXZWRVLIDU"
          },
          "sensitive_attributes": [],
          "private": "bnVsbA=="
        }
      ]
    },
    {
      "mode": "managed",
      "type": "aws_iam_user",
      "name": "users",
      "provider": "provider[\"registry.terraform.io/hashicorp/aws\"]",
      "instances": [
        {
          "index_key": 0,
          "schema_version": 0,
          "attributes": {
            "arn": "arn:aws:iam::561865586187:user/system/sarang_0",
            "force_destroy": false,
            "id": "sarang_0",
            "name": "sarang_0",
            "path": "/system/",
            "permissions_boundary": null,
            "tags": null,
            "tags_all": {},
            "unique_id": "AIDAYFUOMOYF6OU6XDMLZ"
          },
          "sensitive_attributes": [],
          "private": "bnVsbA=="
        },
        {
          "index_key": 1,
          "schema_version": 0,
          "attributes": {
            "arn": "arn:aws:iam::561865586187:user/system/sarang_1",
            "force_destroy": false,
            "id": "sarang_1",
            "name": "sarang_1",
            "path": "/system/",
            "permissions_boundary": null,
            "tags": null,
            "tags_all": {},
            "unique_id": "AIDAYFUOMOYFYGSS5AJUN"
          },
          "sensitive_attributes": [],
          "private": "bnVsbA=="
        },
        {
          "index_key": 2,
          "schema_version": 0,
          "attributes": {
            "arn": "arn:aws:iam::561865586187:user/system/sarang_2",
            "force_destroy": false,
            "id": "sarang_2",
            "name": "sarang_2",
            "path": "/system/",
            "permissions_boundary": null,
            "tags": null,
            "tags_all": {},
            "unique_id": "AIDAYFUOMOYFXPHVPR5WT"
          },
          "sensitive_attributes": [],
          "private": "bnVsbA=="
        }
      ]
    },
    {
      "mode": "managed",
      "type": "aws_iam_user_group_membership",
      "name": "membership",
      "provider": "provider[\"registry.terraform.io/hashicorp/aws\"]",
      "instances": [
        {
          "index_key": 0,
          "schema_version": 0,
          "attributes": {
            "groups": [
              "dev_0"
            ],
            "id": "terraform-20230224224628757000000001",
            "user": "sarang_0"
          },
          "sensitive_attributes": [],
          "private": "bnVsbA==",
          "dependencies": [
            "aws_iam_group.groups",
            "aws_iam_user.users"
          ]
        },
        {
          "index_key": 1,
          "schema_version": 0,
          "attributes": {
            "groups": [
              "dev_1"
            ],
            "id": "terraform-20230224224628760100000002",
            "user": "sarang_1"
          },
          "sensitive_attributes": [],
          "private": "bnVsbA==",
          "dependencies": [
            "aws_iam_group.groups",
            "aws_iam_user.users"
          ]
        },
        {
          "index_key": 2,
          "schema_version": 0,
          "attributes": {
            "groups": [
              "dev_2"
            ],
            "id": "terraform-20230224224628871200000003",
            "user": "sarang_2"
          },
          "sensitive_attributes": [],
          "private": "bnVsbA==",
          "dependencies": [
            "aws_iam_group.groups",
            "aws_iam_user.users"
          ]
        }
      ]
    }
  ],
  "check_results": null
}
